// !$*UTF8*$!
{
	archiveVersion = 1;
	classes = {
	};
	objectVersion = 46;
	objects = {

/* Begin PBXBuildFile section */
		2CA65C2C1A2872C4009D6100 /* MyTableViewCtrl.m in Sources */ = {isa = PBXBuildFile; fileRef = 2CA65C2B1A2872C4009D6100 /* MyTableViewCtrl.m */; };
		2CA65C3A1A2879F2009D6100 /* icon.png in Resources */ = {isa = PBXBuildFile; fileRef = 2CA65C391A2879F2009D6100 /* icon.png */; };
		2CB1FE191A2742C4004921DE /* Foundation.framework in Frameworks */ = {isa = PBXBuildFile; fileRef = 2CB1FE181A2742C4004921DE /* Foundation.framework */; };
		2CB1FE1B1A2742C4004921DE /* CoreGraphics.framework in Frameworks */ = {isa = PBXBuildFile; fileRef = 2CB1FE1A1A2742C4004921DE /* CoreGraphics.framework */; };
		2CB1FE1D1A2742C4004921DE /* UIKit.framework in Frameworks */ = {isa = PBXBuildFile; fileRef = 2CB1FE1C1A2742C4004921DE /* UIKit.framework */; };
		2CB1FE231A2742C4004921DE /* InfoPlist.strings in Resources */ = {isa = PBXBuildFile; fileRef = 2CB1FE211A2742C4004921DE /* InfoPlist.strings */; };
		2CB1FE251A2742C4004921DE /* main.m in Sources */ = {isa = PBXBuildFile; fileRef = 2CB1FE241A2742C4004921DE /* main.m */; };
		2CB1FE291A2742C4004921DE /* AppDelegate.m in Sources */ = {isa = PBXBuildFile; fileRef = 2CB1FE281A2742C4004921DE /* AppDelegate.m */; };
		2CB1FE2B1A2742C4004921DE /* Images.xcassets in Resources */ = {isa = PBXBuildFile; fileRef = 2CB1FE2A1A2742C4004921DE /* Images.xcassets */; };
		2CB1FE321A2742C4004921DE /* XCTest.framework in Frameworks */ = {isa = PBXBuildFile; fileRef = 2CB1FE311A2742C4004921DE /* XCTest.framework */; };
		2CB1FE331A2742C4004921DE /* Foundation.framework in Frameworks */ = {isa = PBXBuildFile; fileRef = 2CB1FE181A2742C4004921DE /* Foundation.framework */; };
		2CB1FE341A2742C4004921DE /* UIKit.framework in Frameworks */ = {isa = PBXBuildFile; fileRef = 2CB1FE1C1A2742C4004921DE /* UIKit.framework */; };
		2CB1FE3C1A2742C4004921DE /* InfoPlist.strings in Resources */ = {isa = PBXBuildFile; fileRef = 2CB1FE3A1A2742C4004921DE /* InfoPlist.strings */; };
		2CB1FE3E1A2742C4004921DE /* LocationInTimeTests.m in Sources */ = {isa = PBXBuildFile; fileRef = 2CB1FE3D1A2742C4004921DE /* LocationInTimeTests.m */; };
/* End PBXBuildFile section */

/* Begin PBXContainerItemProxy section */
		2CB1FE351A2742C4004921DE /* PBXContainerItemProxy */ = {
			isa = PBXContainerItemProxy;
			containerPortal = 2CB1FE0D1A2742C4004921DE /* Project object */;
			proxyType = 1;
			remoteGlobalIDString = 2CB1FE141A2742C4004921DE;
			remoteInfo = LocationInTime;
		};
/* End PBXContainerItemProxy section */

/* Begin PBXFileReference section */
		2CA65C2A1A2872C4009D6100 /* MyTableViewCtrl.h */ = {isa = PBXFileReference; fileEncoding = 4; lastKnownFileType = sourcecode.c.h; path = MyTableViewCtrl.h; sourceTree = "<group>"; };
		2CA65C2B1A2872C4009D6100 /* MyTableViewCtrl.m */ = {isa = PBXFileReference; fileEncoding = 4; lastKnownFileType = sourcecode.c.objc; path = MyTableViewCtrl.m; sourceTree = "<group>"; };
		2CA65C391A2879F2009D6100 /* icon.png */ = {isa = PBXFileReference; lastKnownFileType = image.png; path = icon.png; sourceTree = "<group>"; };
		2CB1FE151A2742C4004921DE /* LocationInTime.app */ = {isa = PBXFileReference; explicitFileType = wrapper.application; includeInIndex = 0; path = LocationInTime.app; sourceTree = BUILT_PRODUCTS_DIR; };
		2CB1FE181A2742C4004921DE /* Foundation.framework */ = {isa = PBXFileReference; lastKnownFileType = wrapper.framework; name = Foundation.framework; path = System/Library/Frameworks/Foundation.framework; sourceTree = SDKROOT; };
		2CB1FE1A1A2742C4004921DE /* CoreGraphics.framework */ = {isa = PBXFileReference; lastKnownFileType = wrapper.framework; name = CoreGraphics.framework; path = System/Library/Frameworks/CoreGraphics.framework; sourceTree = SDKROOT; };
		2CB1FE1C1A2742C4004921DE /* UIKit.framework */ = {isa = PBXFileReference; lastKnownFileType = wrapper.framework; name = UIKit.framework; path = System/Library/Frameworks/UIKit.framework; sourceTree = SDKROOT; };
		2CB1FE201A2742C4004921DE /* LocationInTime-Info.plist */ = {isa = PBXFileReference; lastKnownFileType = text.plist.xml; path = "LocationInTime-Info.plist"; sourceTree = "<group>"; };
		2CB1FE221A2742C4004921DE /* en */ = {isa = PBXFileReference; lastKnownFileType = text.plist.strings; name = en; path = en.lproj/InfoPlist.strings; sourceTree = "<group>"; };
		2CB1FE241A2742C4004921DE /* main.m */ = {isa = PBXFileReference; lastKnownFileType = sourcecode.c.objc; path = main.m; sourceTree = "<group>"; };
		2CB1FE261A2742C4004921DE /* LocationInTime-Prefix.pch */ = {isa = PBXFileReference; lastKnownFileType = sourcecode.c.h; path = "LocationInTime-Prefix.pch"; sourceTree = "<group>"; };
		2CB1FE271A2742C4004921DE /* AppDelegate.h */ = {isa = PBXFileReference; lastKnownFileType = sourcecode.c.h; path = AppDelegate.h; sourceTree = "<group>"; };
		2CB1FE281A2742C4004921DE /* AppDelegate.m */ = {isa = PBXFileReference; lastKnownFileType = sourcecode.c.objc; path = AppDelegate.m; sourceTree = "<group>"; };
		2CB1FE2A1A2742C4004921DE /* Images.xcassets */ = {isa = PBXFileReference; lastKnownFileType = folder.assetcatalog; path = Images.xcassets; sourceTree = "<group>"; };
		2CB1FE301A2742C4004921DE /* LocationInTimeTests.xctest */ = {isa = PBXFileReference; explicitFileType = wrapper.cfbundle; includeInIndex = 0; path = LocationInTimeTests.xctest; sourceTree = BUILT_PRODUCTS_DIR; };
		2CB1FE311A2742C4004921DE /* XCTest.framework */ = {isa = PBXFileReference; lastKnownFileType = wrapper.framework; name = XCTest.framework; path = Library/Frameworks/XCTest.framework; sourceTree = DEVELOPER_DIR; };
		2CB1FE391A2742C4004921DE /* LocationInTimeTests-Info.plist */ = {isa = PBXFileReference; lastKnownFileType = text.plist.xml; path = "LocationInTimeTests-Info.plist"; sourceTree = "<group>"; };
		2CB1FE3B1A2742C4004921DE /* en */ = {isa = PBXFileReference; lastKnownFileType = text.plist.strings; name = en; path = en.lproj/InfoPlist.strings; sourceTree = "<group>"; };
		2CB1FE3D1A2742C4004921DE /* LocationInTimeTests.m */ = {isa = PBXFileReference; lastKnownFileType = sourcecode.c.objc; path = LocationInTimeTests.m; sourceTree = "<group>"; };
/* End PBXFileReference section */

/* Begin PBXFrameworksBuildPhase section */
		2CB1FE121A2742C4004921DE /* Frameworks */ = {
			isa = PBXFrameworksBuildPhase;
			buildActionMask = 2147483647;
			files = (
				2CB1FE1B1A2742C4004921DE /* CoreGraphics.framework in Frameworks */,
				2CB1FE1D1A2742C4004921DE /* UIKit.framework in Frameworks */,
				2CB1FE191A2742C4004921DE /* Foundation.framework in Frameworks */,
			);
			runOnlyForDeploymentPostprocessing = 0;
		};
		2CB1FE2D1A2742C4004921DE /* Frameworks */ = {
			isa = PBXFrameworksBuildPhase;
			buildActionMask = 2147483647;
			files = (
				2CB1FE321A2742C4004921DE /* XCTest.framework in Frameworks */,
				2CB1FE341A2742C4004921DE /* UIKit.framework in Frameworks */,
				2CB1FE331A2742C4004921DE /* Foundation.framework in Frameworks */,
			);
			runOnlyForDeploymentPostprocessing = 0;
		};
/* End PBXFrameworksBuildPhase section */

/* Begin PBXGroup section */
		2CB1FE0C1A2742C4004921DE = {
			isa = PBXGroup;
			children = (
				2CA65C391A2879F2009D6100 /* icon.png */,
				2CB1FE1E1A2742C4004921DE /* LocationInTime */,
				2CB1FE371A2742C4004921DE /* LocationInTimeTests */,
				2CB1FE171A2742C4004921DE /* Frameworks */,
				2CB1FE161A2742C4004921DE /* Products */,
			);
			sourceTree = "<group>";
		};
		2CB1FE161A2742C4004921DE /* Products */ = {
			isa = PBXGroup;
			children = (
				2CB1FE151A2742C4004921DE /* LocationInTime.app */,
				2CB1FE301A2742C4004921DE /* LocationInTimeTests.xctest */,
			);
			name = Products;
			sourceTree = "<group>";
		};
		2CB1FE171A2742C4004921DE /* Frameworks */ = {
			isa = PBXGroup;
			children = (
				2CB1FE181A2742C4004921DE /* Foundation.framework */,
				2CB1FE1A1A2742C4004921DE /* CoreGraphics.framework */,
				2CB1FE1C1A2742C4004921DE /* UIKit.framework */,
				2CB1FE311A2742C4004921DE /* XCTest.framework */,
			);
			name = Frameworks;
			sourceTree = "<group>";
		};
		2CB1FE1E1A2742C4004921DE /* LocationInTime */ = {
			isa = PBXGroup;
			children = (
				2CB1FE271A2742C4004921DE /* AppDelegate.h */,
				2CB1FE281A2742C4004921DE /* AppDelegate.m */,
				2CA65C2A1A2872C4009D6100 /* MyTableViewCtrl.h */,
				2CA65C2B1A2872C4009D6100 /* MyTableViewCtrl.m */,
				2CB1FE2A1A2742C4004921DE /* Images.xcassets */,
				2CB1FE1F1A2742C4004921DE /* Supporting Files */,
			);
			path = LocationInTime;
			sourceTree = "<group>";
		};
		2CB1FE1F1A2742C4004921DE /* Supporting Files */ = {
			isa = PBXGroup;
			children = (
				2CB1FE201A2742C4004921DE /* LocationInTime-Info.plist */,
				2CB1FE211A2742C4004921DE /* InfoPlist.strings */,
				2CB1FE241A2742C4004921DE /* main.m */,
				2CB1FE261A2742C4004921DE /* LocationInTime-Prefix.pch */,
			);
			name = "Supporting Files";
			sourceTree = "<group>";
		};
		2CB1FE371A2742C4004921DE /* LocationInTimeTests */ = {
			isa = PBXGroup;
			children = (
				2CB1FE3D1A2742C4004921DE /* LocationInTimeTests.m */,
				2CB1FE381A2742C4004921DE /* Supporting Files */,
			);
			path = LocationInTimeTests;
			sourceTree = "<group>";
		};
		2CB1FE381A2742C4004921DE /* Supporting Files */ = {
			isa = PBXGroup;
			children = (
				2CB1FE391A2742C4004921DE /* LocationInTimeTests-Info.plist */,
				2CB1FE3A1A2742C4004921DE /* InfoPlist.strings */,
			);
			name = "Supporting Files";
			sourceTree = "<group>";
		};
/* End PBXGroup section */

/* Begin PBXNativeTarget section */
		2CB1FE141A2742C4004921DE /* LocationInTime */ = {
			isa = PBXNativeTarget;
			buildConfigurationList = 2CB1FE411A2742C4004921DE /* Build configuration list for PBXNativeTarget "LocationInTime" */;
			buildPhases = (
				2CB1FE111A2742C4004921DE /* Sources */,
				2CB1FE121A2742C4004921DE /* Frameworks */,
				2CB1FE131A2742C4004921DE /* Resources */,
			);
			buildRules = (
			);
			dependencies = (
			);
			name = LocationInTime;
			productName = LocationInTime;
			productReference = 2CB1FE151A2742C4004921DE /* LocationInTime.app */;
			productType = "com.apple.product-type.application";
		};
		2CB1FE2F1A2742C4004921DE /* LocationInTimeTests */ = {
			isa = PBXNativeTarget;
			buildConfigurationList = 2CB1FE441A2742C4004921DE /* Build configuration list for PBXNativeTarget "LocationInTimeTests" */;
			buildPhases = (
				2CB1FE2C1A2742C4004921DE /* Sources */,
				2CB1FE2D1A2742C4004921DE /* Frameworks */,
				2CB1FE2E1A2742C4004921DE /* Resources */,
			);
			buildRules = (
			);
			dependencies = (
				2CB1FE361A2742C4004921DE /* PBXTargetDependency */,
			);
			name = LocationInTimeTests;
			productName = LocationInTimeTests;
			productReference = 2CB1FE301A2742C4004921DE /* LocationInTimeTests.xctest */;
			productType = "com.apple.product-type.bundle.unit-test";
		};
/* End PBXNativeTarget section */

/* Begin PBXProject section */
		2CB1FE0D1A2742C4004921DE /* Project object */ = {
			isa = PBXProject;
			attributes = {
				LastUpgradeCheck = 0510;
				ORGANIZATIONNAME = "海南久其云计算科技有限公司";
				TargetAttributes = {
					2CB1FE2F1A2742C4004921DE = {
						TestTargetID = 2CB1FE141A2742C4004921DE;
					};
				};
			};
			buildConfigurationList = 2CB1FE101A2742C4004921DE /* Build configuration list for PBXProject "LocationInTime" */;
			compatibilityVersion = "Xcode 3.2";
			developmentRegion = English;
			hasScannedForEncodings = 0;
			knownRegions = (
				en,
			);
			mainGroup = 2CB1FE0C1A2742C4004921DE;
			productRefGroup = 2CB1FE161A2742C4004921DE /* Products */;
			projectDirPath = "";
			projectRoot = "";
			targets = (
				2CB1FE141A2742C4004921DE /* LocationInTime */,
				2CB1FE2F1A2742C4004921DE /* LocationInTimeTests */,
			);
		};
/* End PBXProject section */

/* Begin PBXResourcesBuildPhase section */
		2CB1FE131A2742C4004921DE /* Resources */ = {
			isa = PBXResourcesBuildPhase;
			buildActionMask = 2147483647;
			files = (
				2CB1FE231A2742C4004921DE /* InfoPlist.strings in Resources */,
				2CB1FE2B1A2742C4004921DE /* Images.xcassets in Resources */,
				2CA65C3A1A2879F2009D6100 /* icon.png in Resources */,
			);
			runOnlyForDeploymentPostprocessing = 0;
		};
		2CB1FE2E1A2742C4004921DE /* Resources */ = {
			isa = PBXResourcesBuildPhase;
			buildActionMask = 2147483647;
			files = (
				2CB1FE3C1A2742C4004921DE /* InfoPlist.strings in Resources */,
			);
			runOnlyForDeploymentPostprocessing = 0;
		};
/* End PBXResourcesBuildPhase section */

/* Begin PBXSourcesBuildPhase section */
		2CB1FE111A2742C4004921DE /* Sources */ = {
			isa = PBXSourcesBuildPhase;
			buildActionMask = 2147483647;
			files = (
				2CA65C2C1A2872C4009D6100 /* MyTableViewCtrl.m in Sources */,
				2CB1FE291A2742C4004921DE /* AppDelegate.m in Sources */,
				2CB1FE251A2742C4004921DE /* main.m in Sources */,
			);
			runOnlyForDeploymentPostprocessing = 0;
		};
		2CB1FE2C1A2742C4004921DE /* Sources */ = {
			isa = PBXSourcesBuildPhase;
			buildActionMask = 2147483647;
			files = (
				2CB1FE3E1A2742C4004921DE /* LocationInTimeTests.m in Sources */,
			);
			runOnlyForDeploymentPostprocessing = 0;
		};
/* End PBXSourcesBuildPhase section */

/* Begin PBXTargetDependency section */
		2CB1FE361A2742C4004921DE /* PBXTargetDependency */ = {
			isa = PBXTargetDependency;
			target = 2CB1FE141A2742C4004921DE /* LocationInTime */;
			targetProxy = 2CB1FE351A2742C4004921DE /* PBXContainerItemProxy */;
		};
/* End PBXTargetDependency section */

/* Begin PBXVariantGroup section */
		2CB1FE211A2742C4004921DE /* InfoPlist.strings */ = {
			isa = PBXVariantGroup;
			children = (
				2CB1FE221A2742C4004921DE /* en */,
			);
			name = InfoPlist.strings;
			sourceTree = "<group>";
		};
		2CB1FE3A1A2742C4004921DE /* InfoPlist.strings */ = {
			isa = PBXVariantGroup;
			children = (
				2CB1FE3B1A2742C4004921DE /* en */,
			);
			name = InfoPlist.strings;
			sourceTree = "<group>";
		};
/* End PBXVariantGroup section */

/* Begin XCBuildConfiguration section */
		2CB1FE3F1A2742C4004921DE /* Debug */ = {
			isa = XCBuildConfiguration;
			buildSettings = {
				ALWAYS_SEARCH_USER_PATHS = NO;
				CLANG_CXX_LANGUAGE_STANDARD = "gnu++0x";
				CLANG_CXX_LIBRARY = "libc++";
				CLANG_ENABLE_MODULES = YES;
				CLANG_ENABLE_OBJC_ARC = YES;
				CLANG_WARN_BOOL_CONVERSION = YES;
				CLANG_WARN_CONSTANT_CONVERSION = YES;
				CLANG_WARN_DIRECT_OBJC_ISA_USAGE = YES_ERROR;
				CLANG_WARN_EMPTY_BODY = YES;
				CLANG_WARN_ENUM_CONVERSION = YES;
				CLANG_WARN_INT_CONVERSION = YES;
				CLANG_WARN_OBJC_ROOT_CLASS = YES_ERROR;
				CLANG_WARN__DUPLICATE_METHOD_MATCH = YES;
				"CODE_SIGN_IDENTITY[sdk=iphoneos*]" = "iPhone Developer";
				COPY_PHASE_STRIP = NO;
				GCC_C_LANGUAGE_STANDARD = gnu99;
				GCC_DYNAMIC_NO_PIC = NO;
				GCC_OPTIMIZATION_LEVEL = 0;
				GCC_PREPROCESSOR_DEFINITIONS = (
					"DEBUG=1",
					"$(inherited)",
				);
				GCC_SYMBOLS_PRIVATE_EXTERN = NO;
				GCC_WARN_64_TO_32_BIT_CONVERSION = YES;
				GCC_WARN_ABOUT_RETURN_TYPE = YES_ERROR;
				GCC_WARN_UNDECLARED_SELECTOR = YES;
				GCC_WARN_UNINITIALIZED_AUTOS = YES_AGGRESSIVE;
				GCC_WARN_UNUSED_FUNCTION = YES;
				GCC_WARN_UNUSED_VARIABLE = YES;
				IPHONEOS_DEPLOYMENT_TARGET = 6.0;
				ONLY_ACTIVE_ARCH = YES;
				SDKROOT = iphoneos;
				TARGETED_DEVICE_FAMILY = "1,2";
			};
			name = Debug;
		};
		2CB1FE401A2742C4004921DE /* Release */ = {
			isa = XCBuildConfiguration;
			buildSettings = {
				ALWAYS_SEARCH_USER_PATHS = NO;
				CLANG_CXX_LANGUAGE_STANDARD = "gnu++0x";
				CLANG_CXX_LIBRARY = "libc++";
				CLANG_ENABLE_MODULES = YES;
				CLANG_ENABLE_OBJC_ARC = YES;
				CLANG_WARN_BOOL_CONVERSION = YES;
				CLANG_WARN_CONSTANT_CONVERSION = YES;
				CLANG_WARN_DIRECT_OBJC_ISA_USAGE = YES_ERROR;
				CLANG_WARN_EMPTY_BODY = YES;
				CLANG_WARN_ENUM_CONVERSION = YES;
				CLANG_WARN_INT_CONVERSION = YES;
				CLANG_WARN_OBJC_ROOT_CLASS = YES_ERROR;
				CLANG_WARN__DUPLICATE_METHOD_MATCH = YES;
				"CODE_SIGN_IDENTITY[sdk=iphoneos*]" = "iPhone Developer";
				COPY_PHASE_STRIP = YES;
				ENABLE_NS_ASSERTIONS = NO;
				GCC_C_LANGUAGE_STANDARD = gnu99;
				GCC_WARN_64_TO_32_BIT_CONVERSION = YES;
				GCC_WARN_ABOUT_RETURN_TYPE = YES_ERROR;
				GCC_WARN_UNDECLARED_SELECTOR = YES;
				GCC_WARN_UNINITIALIZED_AUTOS = YES_AGGRESSIVE;
				GCC_WARN_UNUSED_FUNCTION = YES;
				GCC_WARN_UNUSED_VARIABLE = YES;
				IPHONEOS_DEPLOYMENT_TARGET = 6.0;
				SDKROOT = iphoneos;
				TARGETED_DEVICE_FAMILY = "1,2";
				VALIDATE_PRODUCT = YES;
			};
			name = Release;
		};
		2CB1FE421A2742C4004921DE /* Debug */ = {
			isa = XCBuildConfiguration;
			buildSettings = {
				ASSETCATALOG_COMPILER_APPICON_NAME = AppIcon;
				ASSETCATALOG_COMPILER_LAUNCHIMAGE_NAME = LaunchImage;
				GCC_PRECOMPILE_PREFIX_HEADER = YES;
				GCC_PREFIX_HEADER = "LocationInTime/LocationInTime-Prefix.pch";
				INFOPLIST_FILE = "LocationInTime/LocationInTime-Info.plist";
				PRODUCT_NAME = "$(TARGET_NAME)";
				WRAPPER_EXTENSION = app;
			};
			name = Debug;
		};
		2CB1FE431A2742C4004921DE /* Release */ = {
			isa = XCBuildConfiguration;
			buildSettings = {
				ASSETCATALOG_COMPILER_APPICON_NAME = AppIcon;
				ASSETCATALOG_COMPILER_LAUNCHIMAGE_NAME = LaunchImage;
				GCC_PRECOMPILE_PREFIX_HEADER = YES;
				GCC_PREFIX_HEADER = "LocationInTime/LocationInTime-Prefix.pch";
				INFOPLIST_FILE = "LocationInTime/LocationInTime-Info.plist";
				PRODUCT_NAME = "$(TARGET_NAME)";
				WRAPPER_EXTENSION = app;
			};
			name = Release;
		};
		2CB1FE451A2742C4004921DE /* Debug */ = {
			isa = XCBuildConfiguration;
			buildSettings = {
				BUNDLE_LOADER = "$(BUILT_PRODUCTS_DIR)/LocationInTime.app/LocationInTime";
				FRAMEWORK_SEARCH_PATHS = (
					"$(SDKROOT)/Developer/Library/Frameworks",
					"$(inherited)",
					"$(DEVELOPER_FRAMEWORKS_DIR)",
				);
				GCC_PRECOMPILE_PREFIX_HEADER = YES;
				GCC_PREFIX_HEADER = "LocationInTime/LocationInTime-Prefix.pch";
				GCC_PREPROCESSOR_DEFINITIONS = (
					"DEBUG=1",
					"$(inherited)",
				);
				INFOPLIST_FILE = "LocationInTimeTests/LocationInTimeTests-Info.plist";
				PRODUCT_NAME = "$(TARGET_NAME)";
				TEST_HOST = "$(BUNDLE_LOADER)";
				WRAPPER_EXTENSION = xctest;
			};
			name = Debug;
		};
		2CB1FE461A2742C4004921DE /* Release */ = {
			isa = XCBuildConfiguration;
			buildSettings = {
				BUNDLE_LOADER = "$(BUILT_PRODUCTS_DIR)/LocationInTime.app/LocationInTime";
				FRAMEWORK_SEARCH_PATHS = (
					"$(SDKROOT)/Developer/Library/Frameworks",
					"$(inherited)",
					"$(DEVELOPER_FRAMEWORKS_DIR)",
				);
				GCC_PRECOMPILE_PREFIX_HEADER = YES;
				GCC_PREFIX_HEADER = "LocationInTime/LocationInTime-Prefix.pch";
				INFOPLIST_FILE = "LocationInTimeTests/LocationInTimeTests-Info.plist";
				PRODUCT_NAME = "$(TARGET_NAME)";
				TEST_HOST = "$(BUNDLE_LOADER)";
				WRAPPER_EXTENSION = xctest;
			};
			name = Release;
		};
/* End XCBuildConfiguration section */

/* Begin XCConfigurationList section */
		2CB1FE101A2742C4004921DE /* Build configuration list for PBXProject "LocationInTime" */ = {
			isa = XCConfigurationList;
			buildConfigurations = (
				2CB1FE3F1A2742C4004921DE /* Debug */,
				2CB1FE401A2742C4004921DE /* Release */,
			);
			defaultConfigurationIsVisible = 0;
			defaultConfigurationName = Release;
		};
		2CB1FE411A2742C4004921DE /* Build configuration list for PBXNativeTarget "LocationInTime" */ = {
			isa = XCConfigurationList;
			buildConfigurations = (
				2CB1FE421A2742C4004921DE /* Debug */,
				2CB1FE431A2742C4004921DE /* Release */,
			);
			defaultConfigurationIsVisible = 0;
			defaultConfigurationName = Release;
		};
		2CB1FE441A2742C4004921DE /* Build configuration list for PBXNativeTarget "LocationInTimeTests" */ = {
			isa = XCConfigurationList;
			buildConfigurations = (
				2CB1FE451A2742C4004921DE /* Debug */,
				2CB1FE461A2742C4004921DE /* Release */,
			);
			defaultConfigurationIsVisible = 0;
			defaultConfigurationName = Release;
		};
/* End XCConfigurationList section */
	};
	rootObject = 2CB1FE0D1A2742C4004921DE /* Project object */;
}
